
Microsoft Visual Studio Solution File, Format Version 12.00
# Visual Studio Version 18
VisualStudioVersion = 18.2.11415.280 d18.0
MinimumVisualStudioVersion = 10.0.40219.1
Project("{2150E333-8FDC-42A3-9474-1A3956D46DE8}") = "src", "src", "{827E0CD3-B72D-47B6-A68D-7590B98EB39B}"
EndProject
Project("{FAE04EC0-301F-11D3-BF4B-00C04F79EFBC}") = "Testbed", "src\Testbed\Testbed.csproj", "{E4A7C590-FD89-4A21-B92F-2E79E5A81E21}"
EndProject
Project("{FAE04EC0-301F-11D3-BF4B-00C04F79EFBC}") = "Testbed.Nudge", "src\Testbed.Nudge\Testbed.Nudge.csproj", "{0D88B475-CF7B-416D-A0D0-DBE1F7AF60DF}"
EndProject
Project("{FAE04EC0-301F-11D3-BF4B-00C04F79EFBC}") = "Testbed.Jolt", "src\Testbed.Jolt\Testbed.Jolt.csproj", "{DFDA3E67-EA7D-4CAB-ACCD-686F4019A9DF}"
EndProject
Project("{FAE04EC0-301F-11D3-BF4B-00C04F79EFBC}") = "Testbed.Bepu", "src\Testbed.Bepu\Testbed.Bepu.csproj", "{17991B6E-AB8A-418A-9460-EDB8814851B2}"
EndProject
Project("{FAE04EC0-301F-11D3-BF4B-00C04F79EFBC}") = "Testbed.Common", "src\Testbed.Common\Testbed.Common.csproj", "{95E4CE38-51A8-4174-8550-8414FED55678}"
EndProject
Project("{FAE04EC0-301F-11D3-BF4B-00C04F79EFBC}") = "Testbed.Visual", "src\Testbed.Visual\Testbed.Visual.csproj", "{7A7A8D86-8FC3-40CF-858A-8814EF2EF87F}"
EndProject
Global
	GlobalSection(SolutionConfigurationPlatforms) = preSolution
		Debug|Any CPU = Debug|Any CPU
		Debug|x64 = Debug|x64
		Debug|x86 = Debug|x86
		Release|Any CPU = Release|Any CPU
		Release|x64 = Release|x64
		Release|x86 = Release|x86
	EndGlobalSection
	GlobalSection(ProjectConfigurationPlatforms) = postSolution
		{E4A7C590-FD89-4A21-B92F-2E79E5A81E21}.Debug|Any CPU.ActiveCfg = Debug|Any CPU
		{E4A7C590-FD89-4A21-B92F-2E79E5A81E21}.Debug|Any CPU.Build.0 = Debug|Any CPU
		{E4A7C590-FD89-4A21-B92F-2E79E5A81E21}.Debug|x64.ActiveCfg = Debug|Any CPU
		{E4A7C590-FD89-4A21-B92F-2E79E5A81E21}.Debug|x64.Build.0 = Debug|Any CPU
		{E4A7C590-FD89-4A21-B92F-2E79E5A81E21}.Debug|x86.ActiveCfg = Debug|Any CPU
		{E4A7C590-FD89-4A21-B92F-2E79E5A81E21}.Debug|x86.Build.0 = Debug|Any CPU
		{E4A7C590-FD89-4A21-B92F-2E79E5A81E21}.Release|Any CPU.ActiveCfg = Release|Any CPU
		{E4A7C590-FD89-4A21-B92F-2E79E5A81E21}.Release|Any CPU.Build.0 = Release|Any CPU
		{E4A7C590-FD89-4A21-B92F-2E79E5A81E21}.Release|x64.ActiveCfg = Release|Any CPU
		{E4A7C590-FD89-4A21-B92F-2E79E5A81E21}.Release|x64.Build.0 = Release|Any CPU
		{E4A7C590-FD89-4A21-B92F-2E79E5A81E21}.Release|x86.ActiveCfg = Release|Any CPU
		{E4A7C590-FD89-4A21-B92F-2E79E5A81E21}.Release|x86.Build.0 = Release|Any CPU
		{0D88B475-CF7B-416D-A0D0-DBE1F7AF60DF}.Debug|Any CPU.ActiveCfg = Debug|Any CPU
		{0D88B475-CF7B-416D-A0D0-DBE1F7AF60DF}.Debug|Any CPU.Build.0 = Debug|Any CPU
		{0D88B475-CF7B-416D-A0D0-DBE1F7AF60DF}.Debug|x64.ActiveCfg = Debug|Any CPU
		{0D88B475-CF7B-416D-A0D0-DBE1F7AF60DF}.Debug|x64.Build.0 = Debug|Any CPU
		{0D88B475-CF7B-416D-A0D0-DBE1F7AF60DF}.Debug|x86.ActiveCfg = Debug|Any CPU
		{0D88B475-CF7B-416D-A0D0-DBE1F7AF60DF}.Debug|x86.Build.0 = Debug|Any CPU
		{0D88B475-CF7B-416D-A0D0-DBE1F7AF60DF}.Release|Any CPU.ActiveCfg = Release|Any CPU
		{0D88B475-CF7B-416D-A0D0-DBE1F7AF60DF}.Release|Any CPU.Build.0 = Release|Any CPU
		{0D88B475-CF7B-416D-A0D0-DBE1F7AF60DF}.Release|x64.ActiveCfg = Release|Any CPU
		{0D88B475-CF7B-416D-A0D0-DBE1F7AF60DF}.Release|x64.Build.0 = Release|Any CPU
		{0D88B475-CF7B-416D-A0D0-DBE1F7AF60DF}.Release|x86.ActiveCfg = Release|Any CPU
		{0D88B475-CF7B-416D-A0D0-DBE1F7AF60DF}.Release|x86.Build.0 = Release|Any CPU
		{DFDA3E67-EA7D-4CAB-ACCD-686F4019A9DF}.Debug|Any CPU.ActiveCfg = Debug|Any CPU
		{DFDA3E67-EA7D-4CAB-ACCD-686F4019A9DF}.Debug|Any CPU.Build.0 = Debug|Any CPU
		{DFDA3E67-EA7D-4CAB-ACCD-686F4019A9DF}.Debug|x64.ActiveCfg = Debug|Any CPU
		{DFDA3E67-EA7D-4CAB-ACCD-686F4019A9DF}.Debug|x64.Build.0 = Debug|Any CPU
		{DFDA3E67-EA7D-4CAB-ACCD-686F4019A9DF}.Debug|x86.ActiveCfg = Debug|Any CPU
		{DFDA3E67-EA7D-4CAB-ACCD-686F4019A9DF}.Debug|x86.Build.0 = Debug|Any CPU
		{DFDA3E67-EA7D-4CAB-ACCD-686F4019A9DF}.Release|Any CPU.ActiveCfg = Release|Any CPU
		{DFDA3E67-EA7D-4CAB-ACCD-686F4019A9DF}.Release|Any CPU.Build.0 = Release|Any CPU
		{DFDA3E67-EA7D-4CAB-ACCD-686F4019A9DF}.Release|x64.ActiveCfg = Release|Any CPU
		{DFDA3E67-EA7D-4CAB-ACCD-686F4019A9DF}.Release|x64.Build.0 = Release|Any CPU
		{DFDA3E67-EA7D-4CAB-ACCD-686F4019A9DF}.Release|x86.ActiveCfg = Release|Any CPU
		{DFDA3E67-EA7D-4CAB-ACCD-686F4019A9DF}.Release|x86.Build.0 = Release|Any CPU
		{17991B6E-AB8A-418A-9460-EDB8814851B2}.Debug|Any CPU.ActiveCfg = Debug|Any CPU
		{17991B6E-AB8A-418A-9460-EDB8814851B2}.Debug|Any CPU.Build.0 = Debug|Any CPU
		{17991B6E-AB8A-418A-9460-EDB8814851B2}.Debug|x64.ActiveCfg = Debug|Any CPU
		{17991B6E-AB8A-418A-9460-EDB8814851B2}.Debug|x64.Build.0 = Debug|Any CPU
		{17991B6E-AB8A-418A-9460-EDB8814851B2}.Debug|x86.ActiveCfg = Debug|Any CPU
		{17991B6E-AB8A-418A-9460-EDB8814851B2}.Debug|x86.Build.0 = Debug|Any CPU
		{17991B6E-AB8A-418A-9460-EDB8814851B2}.Release|Any CPU.ActiveCfg = Release|Any CPU
		{17991B6E-AB8A-418A-9460-EDB8814851B2}.Release|Any CPU.Build.0 = Release|Any CPU
		{17991B6E-AB8A-418A-9460-EDB8814851B2}.Release|x64.ActiveCfg = Release|Any CPU
		{17991B6E-AB8A-418A-9460-EDB8814851B2}.Release|x64.Build.0 = Release|Any CPU
		{17991B6E-AB8A-418A-9460-EDB8814851B2}.Release|x86.ActiveCfg = Release|Any CPU
		{17991B6E-AB8A-418A-9460-EDB8814851B2}.Release|x86.Build.0 = Release|Any CPU
		{95E4CE38-51A8-4174-8550-8414FED55678}.Debug|Any CPU.ActiveCfg = Debug|Any CPU
		{95E4CE38-51A8-4174-8550-8414FED55678}.Debug|Any CPU.Build.0 = Debug|Any CPU
		{95E4CE38-51A8-4174-8550-8414FED55678}.Debug|x64.ActiveCfg = Debug|Any CPU
		{95E4CE38-51A8-4174-8550-8414FED55678}.Debug|x64.Build.0 = Debug|Any CPU
		{95E4CE38-51A8-4174-8550-8414FED55678}.Debug|x86.ActiveCfg = Debug|Any CPU
		{95E4CE38-51A8-4174-8550-8414FED55678}.Debug|x86.Build.0 = Debug|Any CPU
		{95E4CE38-51A8-4174-8550-8414FED55678}.Release|Any CPU.ActiveCfg = Release|Any CPU
		{95E4CE38-51A8-4174-8550-8414FED55678}.Release|Any CPU.Build.0 = Release|Any CPU
		{95E4CE38-51A8-4174-8550-8414FED55678}.Release|x64.ActiveCfg = Release|Any CPU
		{95E4CE38-51A8-4174-8550-8414FED55678}.Release|x64.Build.0 = Release|Any CPU
		{95E4CE38-51A8-4174-8550-8414FED55678}.Release|x86.ActiveCfg = Release|Any CPU
		{95E4CE38-51A8-4174-8550-8414FED55678}.Release|x86.Build.0 = Release|Any CPU
		{7A7A8D86-8FC3-40CF-858A-8814EF2EF87F}.Debug|Any CPU.ActiveCfg = Debug|Any CPU
		{7A7A8D86-8FC3-40CF-858A-8814EF2EF87F}.Debug|Any CPU.Build.0 = Debug|Any CPU
		{7A7A8D86-8FC3-40CF-858A-8814EF2EF87F}.Debug|x64.ActiveCfg = Debug|Any CPU
		{7A7A8D86-8FC3-40CF-858A-8814EF2EF87F}.Debug|x64.Build.0 = Debug|Any CPU
		{7A7A8D86-8FC3-40CF-858A-8814EF2EF87F}.Debug|x86.ActiveCfg = Debug|Any CPU
		{7A7A8D86-8FC3-40CF-858A-8814EF2EF87F}.Debug|x86.Build.0 = Debug|Any CPU
		{7A7A8D86-8FC3-40CF-858A-8814EF2EF87F}.Release|Any CPU.ActiveCfg = Release|Any CPU
		{7A7A8D86-8FC3-40CF-858A-8814EF2EF87F}.Release|Any CPU.Build.0 = Release|Any CPU
		{7A7A8D86-8FC3-40CF-858A-8814EF2EF87F}.Release|x64.ActiveCfg = Release|Any CPU
		{7A7A8D86-8FC3-40CF-858A-8814EF2EF87F}.Release|x64.Build.0 = Release|Any CPU
		{7A7A8D86-8FC3-40CF-858A-8814EF2EF87F}.Release|x86.ActiveCfg = Release|Any CPU
		{7A7A8D86-8FC3-40CF-858A-8814EF2EF87F}.Release|x86.Build.0 = Release|Any CPU
	EndGlobalSection
	GlobalSection(SolutionProperties) = preSolution
		HideSolutionNode = FALSE
	EndGlobalSection
	GlobalSection(NestedProjects) = preSolution
		{E4A7C590-FD89-4A21-B92F-2E79E5A81E21} = {827E0CD3-B72D-47B6-A68D-7590B98EB39B}
		{0D88B475-CF7B-416D-A0D0-DBE1F7AF60DF} = {827E0CD3-B72D-47B6-A68D-7590B98EB39B}
		{DFDA3E67-EA7D-4CAB-ACCD-686F4019A9DF} = {827E0CD3-B72D-47B6-A68D-7590B98EB39B}
		{17991B6E-AB8A-418A-9460-EDB8814851B2} = {827E0CD3-B72D-47B6-A68D-7590B98EB39B}
		{95E4CE38-51A8-4174-8550-8414FED55678} = {827E0CD3-B72D-47B6-A68D-7590B98EB39B}
		{7A7A8D86-8FC3-40CF-858A-8814EF2EF87F} = {827E0CD3-B72D-47B6-A68D-7590B98EB39B}
	EndGlobalSection
	GlobalSection(ExtensibilityGlobals) = postSolution
		SolutionGuid = {075C2BDF-CC7B-4F5B-B1E5-F585BAAE991F}
	EndGlobalSection
EndGlobal
